
Microsoft Visual Studio Solution File, Format Version 12.00
Project("{FAE04EC0-301F-11D3-BF4B-00C04F79EFBC}") = "ScooterRentals", "ScooterRentals\ScooterRentals.csproj", "{65A467C5-0124-4C67-A2A3-67FC295778CE}"
EndProject
Project("{FAE04EC0-301F-11D3-BF4B-00C04F79EFBC}") = "ScooterRentalTests", "ScooterRentalTests\ScooterRentalTests.csproj", "{87AA13A5-99FF-4DE0-BEAA-3315E5FA496E}"
EndProject
Global
	GlobalSection(SolutionConfigurationPlatforms) = preSolution
		Debug|Any CPU = Debug|Any CPU
		Release|Any CPU = Release|Any CPU
	EndGlobalSection
	GlobalSection(ProjectConfigurationPlatforms) = postSolution
		{65A467C5-0124-4C67-A2A3-67FC295778CE}.Debug|Any CPU.ActiveCfg = Debug|Any CPU
		{65A467C5-0124-4C67-A2A3-67FC295778CE}.Debug|Any CPU.Build.0 = Debug|Any CPU
		{65A467C5-0124-4C67-A2A3-67FC295778CE}.Release|Any CPU.ActiveCfg = Release|Any CPU
		{65A467C5-0124-4C67-A2A3-67FC295778CE}.Release|Any CPU.Build.0 = Release|Any CPU
		{87AA13A5-99FF-4DE0-BEAA-3315E5FA496E}.Debug|Any CPU.ActiveCfg = Debug|Any CPU
		{87AA13A5-99FF-4DE0-BEAA-3315E5FA496E}.Debug|Any CPU.Build.0 = Debug|Any CPU
		{87AA13A5-99FF-4DE0-BEAA-3315E5FA496E}.Release|Any CPU.ActiveCfg = Release|Any CPU
		{87AA13A5-99FF-4DE0-BEAA-3315E5FA496E}.Release|Any CPU.Build.0 = Release|Any CPU
	EndGlobalSection
EndGlobal
